// !$*UTF8*$!
{
	archiveVersion = 1;
	classes = {
	};
	objectVersion = 56;
	objects = {

/* Begin PBXBuildFile section */
		080117112BD60C5300E341D4 /* Match.swift in Sources */ = {isa = PBXBuildFile; fileRef = 080117102BD60C5300E341D4 /* Match.swift */; };
		08DD92FE2BBA54B6000E18BF /* BasherBarApp.swift in Sources */ = {isa = PBXBuildFile; fileRef = 08DD92FD2BBA54B6000E18BF /* BasherBarApp.swift */; };
		08DD93002BBA54B6000E18BF /* ContentView.swift in Sources */ = {isa = PBXBuildFile; fileRef = 08DD92FF2BBA54B6000E18BF /* ContentView.swift */; };
		08DD93022BBA54B7000E18BF /* Assets.xcassets in Resources */ = {isa = PBXBuildFile; fileRef = 08DD93012BBA54B7000E18BF /* Assets.xcassets */; };
		08DD93062BBA54B7000E18BF /* Preview Assets.xcassets in Resources */ = {isa = PBXBuildFile; fileRef = 08DD93052BBA54B7000E18BF /* Preview Assets.xcassets */; };
		08DD93102BBA54B7000E18BF /* BasherBarTests.swift in Sources */ = {isa = PBXBuildFile; fileRef = 08DD930F2BBA54B7000E18BF /* BasherBarTests.swift */; };
		08DD931A2BBA54B7000E18BF /* BasherBarUITests.swift in Sources */ = {isa = PBXBuildFile; fileRef = 08DD93192BBA54B7000E18BF /* BasherBarUITests.swift */; };
		08DD931C2BBA54B7000E18BF /* BasherBarUITestsLaunchTests.swift in Sources */ = {isa = PBXBuildFile; fileRef = 08DD931B2BBA54B7000E18BF /* BasherBarUITestsLaunchTests.swift */; };
		08DD932C2BBA5545000E18BF /* BarLabel.swift in Sources */ = {isa = PBXBuildFile; fileRef = 08DD932B2BBA5545000E18BF /* BarLabel.swift */; };
		08DD932E2BBA5563000E18BF /* Cricket.swift in Sources */ = {isa = PBXBuildFile; fileRef = 08DD932D2BBA5563000E18BF /* Cricket.swift */; };
		08DD93302BBA5588000E18BF /* Basher.swift in Sources */ = {isa = PBXBuildFile; fileRef = 08DD932F2BBA5588000E18BF /* Basher.swift */; };
		08DD93332BBA571F000E18BF /* Fuzi in Frameworks */ = {isa = PBXBuildFile; productRef = 08DD93322BBA571F000E18BF /* Fuzi */; };
		08DD93352BBA59E0000E18BF /* Defaults.swift in Sources */ = {isa = PBXBuildFile; fileRef = 08DD93342BBA59E0000E18BF /* Defaults.swift */; };
		08DD933B2BBA6239000E18BF /* SettingView.swift in Sources */ = {isa = PBXBuildFile; fileRef = 08DD933A2BBA6239000E18BF /* SettingView.swift */; };
		08DD933D2BBA6241000E18BF /* CricketView.swift in Sources */ = {isa = PBXBuildFile; fileRef = 08DD933C2BBA6241000E18BF /* CricketView.swift */; };
		08DD933F2BBA6301000E18BF /* Dummy.swift in Sources */ = {isa = PBXBuildFile; fileRef = 08DD933E2BBA6301000E18BF /* Dummy.swift */; };
		08DD93422BBA67EC000E18BF /* Web.Page.swift in Sources */ = {isa = PBXBuildFile; fileRef = 08DD93412BBA67EC000E18BF /* Web.Page.swift */; };
		08DD93452BBA6ECF000E18BF /* Preference.swift in Sources */ = {isa = PBXBuildFile; fileRef = 08DD93442BBA6ECF000E18BF /* Preference.swift */; };
		08DD93472BBA7912000E18BF /* Web.swift in Sources */ = {isa = PBXBuildFile; fileRef = 08DD93462BBA7912000E18BF /* Web.swift */; };
		08DD93492BBA8E64000E18BF /* Fixture.swift in Sources */ = {isa = PBXBuildFile; fileRef = 08DD93482BBA8E64000E18BF /* Fixture.swift */; };
		08DD934B2BBA8FD9000E18BF /* CricHeroes.swift in Sources */ = {isa = PBXBuildFile; fileRef = 08DD934A2BBA8FD9000E18BF /* CricHeroes.swift */; };
		08DD934D2BBA9547000E18BF /* Cricket.Game.swift in Sources */ = {isa = PBXBuildFile; fileRef = 08DD934C2BBA9547000E18BF /* Cricket.Game.swift */; };
		08DD934F2BBA9C26000E18BF /* FixtureViews.swift in Sources */ = {isa = PBXBuildFile; fileRef = 08DD934E2BBA9C26000E18BF /* FixtureViews.swift */; };
		08DD93512BBAA593000E18BF /* Web.Part.swift in Sources */ = {isa = PBXBuildFile; fileRef = 08DD93502BBAA593000E18BF /* Web.Part.swift */; };
		08DD93532BBAADF3000E18BF /* Cricket.Team.swift in Sources */ = {isa = PBXBuildFile; fileRef = 08DD93522BBAADF3000E18BF /* Cricket.Team.swift */; };
		08DD93552BBAAE35000E18BF /* Cricket.Score.swift in Sources */ = {isa = PBXBuildFile; fileRef = 08DD93542BBAAE35000E18BF /* Cricket.Score.swift */; };
		08DD93582BBAB5F8000E18BF /* MatchViews.swift in Sources */ = {isa = PBXBuildFile; fileRef = 08DD93572BBAB5F8000E18BF /* MatchViews.swift */; };
		08DDB05F2BD554310016502D /* Cricket.Live.swift in Sources */ = {isa = PBXBuildFile; fileRef = 08DDB05E2BD554310016502D /* Cricket.Live.swift */; };
		08DDB0612BD554540016502D /* Cricket.Player.swift in Sources */ = {isa = PBXBuildFile; fileRef = 08DDB0602BD554540016502D /* Cricket.Player.swift */; };
		08DDB0632BD5605F0016502D /* LiveViews.swift in Sources */ = {isa = PBXBuildFile; fileRef = 08DDB0622BD5605F0016502D /* LiveViews.swift */; };
/* End PBXBuildFile section */

/* Begin PBXContainerItemProxy section */
		08DD930C2BBA54B7000E18BF /* PBXContainerItemProxy */ = {
			isa = PBXContainerItemProxy;
			containerPortal = 08DD92F22BBA54B6000E18BF /* Project object */;
			proxyType = 1;
			remoteGlobalIDString = 08DD92F92BBA54B6000E18BF;
			remoteInfo = BasherBar;
		};
		08DD93162BBA54B7000E18BF /* PBXContainerItemProxy */ = {
			isa = PBXContainerItemProxy;
			containerPortal = 08DD92F22BBA54B6000E18BF /* Project object */;
			proxyType = 1;
			remoteGlobalIDString = 08DD92F92BBA54B6000E18BF;
			remoteInfo = BasherBar;
		};
/* End PBXContainerItemProxy section */

/* Begin PBXFileReference section */
		080117102BD60C5300E341D4 /* Match.swift */ = {isa = PBXFileReference; lastKnownFileType = sourcecode.swift; path = Match.swift; sourceTree = "<group>"; };
		08DD92FA2BBA54B6000E18BF /* BasherBar.app */ = {isa = PBXFileReference; explicitFileType = wrapper.application; includeInIndex = 0; path = BasherBar.app; sourceTree = BUILT_PRODUCTS_DIR; };
		08DD92FD2BBA54B6000E18BF /* BasherBarApp.swift */ = {isa = PBXFileReference; lastKnownFileType = sourcecode.swift; path = BasherBarApp.swift; sourceTree = "<group>"; };
		08DD92FF2BBA54B6000E18BF /* ContentView.swift */ = {isa = PBXFileReference; lastKnownFileType = sourcecode.swift; path = ContentView.swift; sourceTree = "<group>"; };
		08DD93012BBA54B7000E18BF /* Assets.xcassets */ = {isa = PBXFileReference; lastKnownFileType = folder.assetcatalog; path = Assets.xcassets; sourceTree = "<group>"; };
		08DD93032BBA54B7000E18BF /* BasherBar.entitlements */ = {isa = PBXFileReference; lastKnownFileType = text.plist.entitlements; path = BasherBar.entitlements; sourceTree = "<group>"; };
		08DD93052BBA54B7000E18BF /* Preview Assets.xcassets */ = {isa = PBXFileReference; lastKnownFileType = folder.assetcatalog; path = "Preview Assets.xcassets"; sourceTree = "<group>"; };
		08DD930B2BBA54B7000E18BF /* BasherBarTests.xctest */ = {isa = PBXFileReference; explicitFileType = wrapper.cfbundle; includeInIndex = 0; path = BasherBarTests.xctest; sourceTree = BUILT_PRODUCTS_DIR; };
		08DD930F2BBA54B7000E18BF /* BasherBarTests.swift */ = {isa = PBXFileReference; lastKnownFileType = sourcecode.swift; path = BasherBarTests.swift; sourceTree = "<group>"; };
		08DD93152BBA54B7000E18BF /* BasherBarUITests.xctest */ = {isa = PBXFileReference; explicitFileType = wrapper.cfbundle; includeInIndex = 0; path = BasherBarUITests.xctest; sourceTree = BUILT_PRODUCTS_DIR; };
		08DD93192BBA54B7000E18BF /* BasherBarUITests.swift */ = {isa = PBXFileReference; lastKnownFileType = sourcecode.swift; path = BasherBarUITests.swift; sourceTree = "<group>"; };
		08DD931B2BBA54B7000E18BF /* BasherBarUITestsLaunchTests.swift */ = {isa = PBXFileReference; lastKnownFileType = sourcecode.swift; path = BasherBarUITestsLaunchTests.swift; sourceTree = "<group>"; };
		08DD932B2BBA5545000E18BF /* BarLabel.swift */ = {isa = PBXFileReference; lastKnownFileType = sourcecode.swift; path = BarLabel.swift; sourceTree = "<group>"; };
		08DD932D2BBA5563000E18BF /* Cricket.swift */ = {isa = PBXFileReference; lastKnownFileType = sourcecode.swift; path = Cricket.swift; sourceTree = "<group>"; };
		08DD932F2BBA5588000E18BF /* Basher.swift */ = {isa = PBXFileReference; lastKnownFileType = sourcecode.swift; path = Basher.swift; sourceTree = "<group>"; };
		08DD93342BBA59E0000E18BF /* Defaults.swift */ = {isa = PBXFileReference; lastKnownFileType = sourcecode.swift; path = Defaults.swift; sourceTree = "<group>"; };
		08DD933A2BBA6239000E18BF /* SettingView.swift */ = {isa = PBXFileReference; lastKnownFileType = sourcecode.swift; path = SettingView.swift; sourceTree = "<group>"; };
		08DD933C2BBA6241000E18BF /* CricketView.swift */ = {isa = PBXFileReference; lastKnownFileType = sourcecode.swift; path = CricketView.swift; sourceTree = "<group>"; };
		08DD933E2BBA6301000E18BF /* Dummy.swift */ = {isa = PBXFileReference; lastKnownFileType = sourcecode.swift; path = Dummy.swift; sourceTree = "<group>"; };
		08DD93412BBA67EC000E18BF /* Web.Page.swift */ = {isa = PBXFileReference; lastKnownFileType = sourcecode.swift; path = Web.Page.swift; sourceTree = "<group>"; };
		08DD93442BBA6ECF000E18BF /* Preference.swift */ = {isa = PBXFileReference; fileEncoding = 4; lastKnownFileType = sourcecode.swift; path = Preference.swift; sourceTree = "<group>"; };
		08DD93462BBA7912000E18BF /* Web.swift */ = {isa = PBXFileReference; lastKnownFileType = sourcecode.swift; path = Web.swift; sourceTree = "<group>"; };
		08DD93482BBA8E64000E18BF /* Fixture.swift */ = {isa = PBXFileReference; lastKnownFileType = sourcecode.swift; path = Fixture.swift; sourceTree = "<group>"; };
		08DD934A2BBA8FD9000E18BF /* CricHeroes.swift */ = {isa = PBXFileReference; lastKnownFileType = sourcecode.swift; path = CricHeroes.swift; sourceTree = "<group>"; };
		08DD934C2BBA9547000E18BF /* Cricket.Game.swift */ = {isa = PBXFileReference; lastKnownFileType = sourcecode.swift; path = Cricket.Game.swift; sourceTree = "<group>"; };
		08DD934E2BBA9C26000E18BF /* FixtureViews.swift */ = {isa = PBXFileReference; lastKnownFileType = sourcecode.swift; path = FixtureViews.swift; sourceTree = "<group>"; };
		08DD93502BBAA593000E18BF /* Web.Part.swift */ = {isa = PBXFileReference; lastKnownFileType = sourcecode.swift; path = Web.Part.swift; sourceTree = "<group>"; };
		08DD93522BBAADF3000E18BF /* Cricket.Team.swift */ = {isa = PBXFileReference; lastKnownFileType = sourcecode.swift; path = Cricket.Team.swift; sourceTree = "<group>"; };
		08DD93542BBAAE35000E18BF /* Cricket.Score.swift */ = {isa = PBXFileReference; lastKnownFileType = sourcecode.swift; path = Cricket.Score.swift; sourceTree = "<group>"; };
		08DD93572BBAB5F8000E18BF /* MatchViews.swift */ = {isa = PBXFileReference; lastKnownFileType = sourcecode.swift; path = MatchViews.swift; sourceTree = "<group>"; };
		08DDB05E2BD554310016502D /* Cricket.Live.swift */ = {isa = PBXFileReference; lastKnownFileType = sourcecode.swift; path = Cricket.Live.swift; sourceTree = "<group>"; };
		08DDB0602BD554540016502D /* Cricket.Player.swift */ = {isa = PBXFileReference; lastKnownFileType = sourcecode.swift; path = Cricket.Player.swift; sourceTree = "<group>"; };
		08DDB0622BD5605F0016502D /* LiveViews.swift */ = {isa = PBXFileReference; lastKnownFileType = sourcecode.swift; path = LiveViews.swift; sourceTree = "<group>"; };
/* End PBXFileReference section */

/* Begin PBXFrameworksBuildPhase section */
		08DD92F72BBA54B6000E18BF /* Frameworks */ = {
			isa = PBXFrameworksBuildPhase;
			buildActionMask = 2147483647;
			files = (
				08DD93332BBA571F000E18BF /* Fuzi in Frameworks */,
			);
			runOnlyForDeploymentPostprocessing = 0;
		};
		08DD93082BBA54B7000E18BF /* Frameworks */ = {
			isa = PBXFrameworksBuildPhase;
			buildActionMask = 2147483647;
			files = (
			);
			runOnlyForDeploymentPostprocessing = 0;
		};
		08DD93122BBA54B7000E18BF /* Frameworks */ = {
			isa = PBXFrameworksBuildPhase;
			buildActionMask = 2147483647;
			files = (
			);
			runOnlyForDeploymentPostprocessing = 0;
		};
/* End PBXFrameworksBuildPhase section */

/* Begin PBXGroup section */
		08DD92F12BBA54B6000E18BF = {
			isa = PBXGroup;
			children = (
				08DD92FC2BBA54B6000E18BF /* BasherBar */,
				08DD930E2BBA54B7000E18BF /* BasherBarTests */,
				08DD93182BBA54B7000E18BF /* BasherBarUITests */,
				08DD92FB2BBA54B6000E18BF /* Products */,
			);
			sourceTree = "<group>";
		};
		08DD92FB2BBA54B6000E18BF /* Products */ = {
			isa = PBXGroup;
			children = (
				08DD92FA2BBA54B6000E18BF /* BasherBar.app */,
				08DD930B2BBA54B7000E18BF /* BasherBarTests.xctest */,
				08DD93152BBA54B7000E18BF /* BasherBarUITests.xctest */,
			);
			name = Products;
			sourceTree = "<group>";
		};
		08DD92FC2BBA54B6000E18BF /* BasherBar */ = {
			isa = PBXGroup;
			children = (
				08DD93282BBA550A000E18BF /* Main */,
				08DD93292BBA5519000E18BF /* View */,
				08DD932A2BBA5520000E18BF /* Basher */,
				08DD93562BBAAE6E000E18BF /* Cricket */,
				08DD93402BBA67D0000E18BF /* Web */,
				08DD93012BBA54B7000E18BF /* Assets.xcassets */,
				08DD93032BBA54B7000E18BF /* BasherBar.entitlements */,
				08DD93042BBA54B7000E18BF /* Preview Content */,
			);
			path = BasherBar;
			sourceTree = "<group>";
		};
		08DD93042BBA54B7000E18BF /* Preview Content */ = {
			isa = PBXGroup;
			children = (
				08DD93052BBA54B7000E18BF /* Preview Assets.xcassets */,
			);
			path = "Preview Content";
			sourceTree = "<group>";
		};
		08DD930E2BBA54B7000E18BF /* BasherBarTests */ = {
			isa = PBXGroup;
			children = (
				08DD930F2BBA54B7000E18BF /* BasherBarTests.swift */,
			);
			path = BasherBarTests;
			sourceTree = "<group>";
		};
		08DD93182BBA54B7000E18BF /* BasherBarUITests */ = {
			isa = PBXGroup;
			children = (
				08DD93192BBA54B7000E18BF /* BasherBarUITests.swift */,
				08DD931B2BBA54B7000E18BF /* BasherBarUITestsLaunchTests.swift */,
			);
			path = BasherBarUITests;
			sourceTree = "<group>";
		};
		08DD93282BBA550A000E18BF /* Main */ = {
			isa = PBXGroup;
			children = (
				08DD92FD2BBA54B6000E18BF /* BasherBarApp.swift */,
				08DD93342BBA59E0000E18BF /* Defaults.swift */,
				08DD93442BBA6ECF000E18BF /* Preference.swift */,
				08DD933E2BBA6301000E18BF /* Dummy.swift */,
			);
			path = Main;
			sourceTree = "<group>";
		};
		08DD93292BBA5519000E18BF /* View */ = {
			isa = PBXGroup;
			children = (
				08DD932B2BBA5545000E18BF /* BarLabel.swift */,
				08DD92FF2BBA54B6000E18BF /* ContentView.swift */,
				08DD933A2BBA6239000E18BF /* SettingView.swift */,
				08DD934E2BBA9C26000E18BF /* FixtureViews.swift */,
				08DD93572BBAB5F8000E18BF /* MatchViews.swift */,
				08DD933C2BBA6241000E18BF /* CricketView.swift */,
				08DDB0622BD5605F0016502D /* LiveViews.swift */,
			);
			path = View;
			sourceTree = "<group>";
		};
		08DD932A2BBA5520000E18BF /* Basher */ = {
			isa = PBXGroup;
			children = (
				08DD932F2BBA5588000E18BF /* Basher.swift */,
				08DD93482BBA8E64000E18BF /* Fixture.swift */,
				080117102BD60C5300E341D4 /* Match.swift */,
			);
			path = Basher;
			sourceTree = "<group>";
		};
		08DD93402BBA67D0000E18BF /* Web */ = {
			isa = PBXGroup;
			children = (
				08DD93462BBA7912000E18BF /* Web.swift */,
				08DD93412BBA67EC000E18BF /* Web.Page.swift */,
				08DD93502BBAA593000E18BF /* Web.Part.swift */,
				08DD934A2BBA8FD9000E18BF /* CricHeroes.swift */,
			);
			path = Web;
			sourceTree = "<group>";
		};
		08DD93562BBAAE6E000E18BF /* Cricket */ = {
			isa = PBXGroup;
			children = (
				08DD932D2BBA5563000E18BF /* Cricket.swift */,
				08DD934C2BBA9547000E18BF /* Cricket.Game.swift */,
				08DDB05E2BD554310016502D /* Cricket.Live.swift */,
				08DD93522BBAADF3000E18BF /* Cricket.Team.swift */,
				08DDB0602BD554540016502D /* Cricket.Player.swift */,
				08DD93542BBAAE35000E18BF /* Cricket.Score.swift */,
			);
			path = Cricket;
			sourceTree = "<group>";
		};
/* End PBXGroup section */

/* Begin PBXNativeTarget section */
		08DD92F92BBA54B6000E18BF /* BasherBar */ = {
			isa = PBXNativeTarget;
			buildConfigurationList = 08DD931F2BBA54B7000E18BF /* Build configuration list for PBXNativeTarget "BasherBar" */;
			buildPhases = (
				08DD92F62BBA54B6000E18BF /* Sources */,
				08DD92F72BBA54B6000E18BF /* Frameworks */,
				08DD92F82BBA54B6000E18BF /* Resources */,
			);
			buildRules = (
			);
			dependencies = (
			);
			name = BasherBar;
			packageProductDependencies = (
				08DD93322BBA571F000E18BF /* Fuzi */,
			);
			productName = BasherBar;
			productReference = 08DD92FA2BBA54B6000E18BF /* BasherBar.app */;
			productType = "com.apple.product-type.application";
		};
		08DD930A2BBA54B7000E18BF /* BasherBarTests */ = {
			isa = PBXNativeTarget;
			buildConfigurationList = 08DD93222BBA54B7000E18BF /* Build configuration list for PBXNativeTarget "BasherBarTests" */;
			buildPhases = (
				08DD93072BBA54B7000E18BF /* Sources */,
				08DD93082BBA54B7000E18BF /* Frameworks */,
				08DD93092BBA54B7000E18BF /* Resources */,
			);
			buildRules = (
			);
			dependencies = (
				08DD930D2BBA54B7000E18BF /* PBXTargetDependency */,
			);
			name = BasherBarTests;
			productName = BasherBarTests;
			productReference = 08DD930B2BBA54B7000E18BF /* BasherBarTests.xctest */;
			productType = "com.apple.product-type.bundle.unit-test";
		};
		08DD93142BBA54B7000E18BF /* BasherBarUITests */ = {
			isa = PBXNativeTarget;
			buildConfigurationList = 08DD93252BBA54B7000E18BF /* Build configuration list for PBXNativeTarget "BasherBarUITests" */;
			buildPhases = (
				08DD93112BBA54B7000E18BF /* Sources */,
				08DD93122BBA54B7000E18BF /* Frameworks */,
				08DD93132BBA54B7000E18BF /* Resources */,
			);
			buildRules = (
			);
			dependencies = (
				08DD93172BBA54B7000E18BF /* PBXTargetDependency */,
			);
			name = BasherBarUITests;
			productName = BasherBarUITests;
			productReference = 08DD93152BBA54B7000E18BF /* BasherBarUITests.xctest */;
			productType = "com.apple.product-type.bundle.ui-testing";
		};
/* End PBXNativeTarget section */

/* Begin PBXProject section */
		08DD92F22BBA54B6000E18BF /* Project object */ = {
			isa = PBXProject;
			attributes = {
				BuildIndependentTargetsInParallel = 1;
				LastSwiftUpdateCheck = 1530;
				LastUpgradeCheck = 1530;
				TargetAttributes = {
					08DD92F92BBA54B6000E18BF = {
						CreatedOnToolsVersion = 15.3;
					};
					08DD930A2BBA54B7000E18BF = {
						CreatedOnToolsVersion = 15.3;
						TestTargetID = 08DD92F92BBA54B6000E18BF;
					};
					08DD93142BBA54B7000E18BF = {
						CreatedOnToolsVersion = 15.3;
						TestTargetID = 08DD92F92BBA54B6000E18BF;
					};
				};
			};
			buildConfigurationList = 08DD92F52BBA54B6000E18BF /* Build configuration list for PBXProject "BasherBar" */;
			compatibilityVersion = "Xcode 14.0";
			developmentRegion = en;
			hasScannedForEncodings = 0;
			knownRegions = (
				en,
				Base,
			);
			mainGroup = 08DD92F12BBA54B6000E18BF;
			packageReferences = (
				08DD93312BBA571F000E18BF /* XCRemoteSwiftPackageReference "Fuzi" */,
			);
			productRefGroup = 08DD92FB2BBA54B6000E18BF /* Products */;
			projectDirPath = "";
			projectRoot = "";
			targets = (
				08DD92F92BBA54B6000E18BF /* BasherBar */,
				08DD930A2BBA54B7000E18BF /* BasherBarTests */,
				08DD93142BBA54B7000E18BF /* BasherBarUITests */,
			);
		};
/* End PBXProject section */

/* Begin PBXResourcesBuildPhase section */
		08DD92F82BBA54B6000E18BF /* Resources */ = {
			isa = PBXResourcesBuildPhase;
			buildActionMask = 2147483647;
			files = (
				08DD93062BBA54B7000E18BF /* Preview Assets.xcassets in Resources */,
				08DD93022BBA54B7000E18BF /* Assets.xcassets in Resources */,
			);
			runOnlyForDeploymentPostprocessing = 0;
		};
		08DD93092BBA54B7000E18BF /* Resources */ = {
			isa = PBXResourcesBuildPhase;
			buildActionMask = 2147483647;
			files = (
			);
			runOnlyForDeploymentPostprocessing = 0;
		};
		08DD93132BBA54B7000E18BF /* Resources */ = {
			isa = PBXResourcesBuildPhase;
			buildActionMask = 2147483647;
			files = (
			);
			runOnlyForDeploymentPostprocessing = 0;
		};
/* End PBXResourcesBuildPhase section */

/* Begin PBXSourcesBuildPhase section */
		08DD92F62BBA54B6000E18BF /* Sources */ = {
			isa = PBXSourcesBuildPhase;
			buildActionMask = 2147483647;
			files = (
				08DD93532BBAADF3000E18BF /* Cricket.Team.swift in Sources */,
				08DD93512BBAA593000E18BF /* Web.Part.swift in Sources */,
				08DD93492BBA8E64000E18BF /* Fixture.swift in Sources */,
				08DDB0632BD5605F0016502D /* LiveViews.swift in Sources */,
				08DD93002BBA54B6000E18BF /* ContentView.swift in Sources */,
				08DD934F2BBA9C26000E18BF /* FixtureViews.swift in Sources */,
				08DD932E2BBA5563000E18BF /* Cricket.swift in Sources */,
				08DD93582BBAB5F8000E18BF /* MatchViews.swift in Sources */,
				08DD93302BBA5588000E18BF /* Basher.swift in Sources */,
				08DD934B2BBA8FD9000E18BF /* CricHeroes.swift in Sources */,
				08DD933D2BBA6241000E18BF /* CricketView.swift in Sources */,
				08DD93422BBA67EC000E18BF /* Web.Page.swift in Sources */,
				08DD93452BBA6ECF000E18BF /* Preference.swift in Sources */,
				08DD934D2BBA9547000E18BF /* Cricket.Game.swift in Sources */,
				08DD93472BBA7912000E18BF /* Web.swift in Sources */,
				08DDB0612BD554540016502D /* Cricket.Player.swift in Sources */,
				08DDB05F2BD554310016502D /* Cricket.Live.swift in Sources */,
				080117112BD60C5300E341D4 /* Match.swift in Sources */,
				08DD93552BBAAE35000E18BF /* Cricket.Score.swift in Sources */,
				08DD93352BBA59E0000E18BF /* Defaults.swift in Sources */,
				08DD933B2BBA6239000E18BF /* SettingView.swift in Sources */,
				08DD92FE2BBA54B6000E18BF /* BasherBarApp.swift in Sources */,
				08DD933F2BBA6301000E18BF /* Dummy.swift in Sources */,
				08DD932C2BBA5545000E18BF /* BarLabel.swift in Sources */,
			);
			runOnlyForDeploymentPostprocessing = 0;
		};
		08DD93072BBA54B7000E18BF /* Sources */ = {
			isa = PBXSourcesBuildPhase;
			buildActionMask = 2147483647;
			files = (
				08DD93102BBA54B7000E18BF /* BasherBarTests.swift in Sources */,
			);
			runOnlyForDeploymentPostprocessing = 0;
		};
		08DD93112BBA54B7000E18BF /* Sources */ = {
			isa = PBXSourcesBuildPhase;
			buildActionMask = 2147483647;
			files = (
				08DD931A2BBA54B7000E18BF /* BasherBarUITests.swift in Sources */,
				08DD931C2BBA54B7000E18BF /* BasherBarUITestsLaunchTests.swift in Sources */,
			);
			runOnlyForDeploymentPostprocessing = 0;
		};
/* End PBXSourcesBuildPhase section */

/* Begin PBXTargetDependency section */
		08DD930D2BBA54B7000E18BF /* PBXTargetDependency */ = {
			isa = PBXTargetDependency;
			target = 08DD92F92BBA54B6000E18BF /* BasherBar */;
			targetProxy = 08DD930C2BBA54B7000E18BF /* PBXContainerItemProxy */;
		};
		08DD93172BBA54B7000E18BF /* PBXTargetDependency */ = {
			isa = PBXTargetDependency;
			target = 08DD92F92BBA54B6000E18BF /* BasherBar */;
			targetProxy = 08DD93162BBA54B7000E18BF /* PBXContainerItemProxy */;
		};
/* End PBXTargetDependency section */

/* Begin XCBuildConfiguration section */
		08DD931D2BBA54B7000E18BF /* Debug */ = {
			isa = XCBuildConfiguration;
			buildSettings = {
				ALWAYS_SEARCH_USER_PATHS = NO;
				ASSETCATALOG_COMPILER_GENERATE_SWIFT_ASSET_SYMBOL_EXTENSIONS = YES;
				CLANG_ANALYZER_NONNULL = YES;
				CLANG_ANALYZER_NUMBER_OBJECT_CONVERSION = YES_AGGRESSIVE;
				CLANG_CXX_LANGUAGE_STANDARD = "gnu++20";
				CLANG_ENABLE_MODULES = YES;
				CLANG_ENABLE_OBJC_ARC = YES;
				CLANG_ENABLE_OBJC_WEAK = YES;
				CLANG_WARN_BLOCK_CAPTURE_AUTORELEASING = YES;
				CLANG_WARN_BOOL_CONVERSION = YES;
				CLANG_WARN_COMMA = YES;
				CLANG_WARN_CONSTANT_CONVERSION = YES;
				CLANG_WARN_DEPRECATED_OBJC_IMPLEMENTATIONS = YES;
				CLANG_WARN_DIRECT_OBJC_ISA_USAGE = YES_ERROR;
				CLANG_WARN_DOCUMENTATION_COMMENTS = YES;
				CLANG_WARN_EMPTY_BODY = YES;
				CLANG_WARN_ENUM_CONVERSION = YES;
				CLANG_WARN_INFINITE_RECURSION = YES;
				CLANG_WARN_INT_CONVERSION = YES;
				CLANG_WARN_NON_LITERAL_NULL_CONVERSION = YES;
				CLANG_WARN_OBJC_IMPLICIT_RETAIN_SELF = YES;
				CLANG_WARN_OBJC_LITERAL_CONVERSION = YES;
				CLANG_WARN_OBJC_ROOT_CLASS = YES_ERROR;
				CLANG_WARN_QUOTED_INCLUDE_IN_FRAMEWORK_HEADER = YES;
				CLANG_WARN_RANGE_LOOP_ANALYSIS = YES;
				CLANG_WARN_STRICT_PROTOTYPES = YES;
				CLANG_WARN_SUSPICIOUS_MOVE = YES;
				CLANG_WARN_UNGUARDED_AVAILABILITY = YES_AGGRESSIVE;
				CLANG_WARN_UNREACHABLE_CODE = YES;
				CLANG_WARN__DUPLICATE_METHOD_MATCH = YES;
				COPY_PHASE_STRIP = NO;
				DEBUG_INFORMATION_FORMAT = dwarf;
				ENABLE_STRICT_OBJC_MSGSEND = YES;
				ENABLE_TESTABILITY = YES;
				ENABLE_USER_SCRIPT_SANDBOXING = YES;
				GCC_C_LANGUAGE_STANDARD = gnu17;
				GCC_DYNAMIC_NO_PIC = NO;
				GCC_NO_COMMON_BLOCKS = YES;
				GCC_OPTIMIZATION_LEVEL = 0;
				GCC_PREPROCESSOR_DEFINITIONS = (
					"DEBUG=1",
					"$(inherited)",
				);
				GCC_WARN_64_TO_32_BIT_CONVERSION = YES;
				GCC_WARN_ABOUT_RETURN_TYPE = YES_ERROR;
				GCC_WARN_UNDECLARED_SELECTOR = YES;
				GCC_WARN_UNINITIALIZED_AUTOS = YES_AGGRESSIVE;
				GCC_WARN_UNUSED_FUNCTION = YES;
				GCC_WARN_UNUSED_VARIABLE = YES;
				LOCALIZATION_PREFERS_STRING_CATALOGS = YES;
				MTL_ENABLE_DEBUG_INFO = INCLUDE_SOURCE;
				MTL_FAST_MATH = YES;
				ONLY_ACTIVE_ARCH = YES;
				SWIFT_ACTIVE_COMPILATION_CONDITIONS = "DEBUG $(inherited)";
				SWIFT_OPTIMIZATION_LEVEL = "-Onone";
			};
			name = Debug;
		};
		08DD931E2BBA54B7000E18BF /* Release */ = {
			isa = XCBuildConfiguration;
			buildSettings = {
				ALWAYS_SEARCH_USER_PATHS = NO;
				ASSETCATALOG_COMPILER_GENERATE_SWIFT_ASSET_SYMBOL_EXTENSIONS = YES;
				CLANG_ANALYZER_NONNULL = YES;
				CLANG_ANALYZER_NUMBER_OBJECT_CONVERSION = YES_AGGRESSIVE;
				CLANG_CXX_LANGUAGE_STANDARD = "gnu++20";
				CLANG_ENABLE_MODULES = YES;
				CLANG_ENABLE_OBJC_ARC = YES;
				CLANG_ENABLE_OBJC_WEAK = YES;
				CLANG_WARN_BLOCK_CAPTURE_AUTORELEASING = YES;
				CLANG_WARN_BOOL_CONVERSION = YES;
				CLANG_WARN_COMMA = YES;
				CLANG_WARN_CONSTANT_CONVERSION = YES;
				CLANG_WARN_DEPRECATED_OBJC_IMPLEMENTATIONS = YES;
				CLANG_WARN_DIRECT_OBJC_ISA_USAGE = YES_ERROR;
				CLANG_WARN_DOCUMENTATION_COMMENTS = YES;
				CLANG_WARN_EMPTY_BODY = YES;
				CLANG_WARN_ENUM_CONVERSION = YES;
				CLANG_WARN_INFINITE_RECURSION = YES;
				CLANG_WARN_INT_CONVERSION = YES;
				CLANG_WARN_NON_LITERAL_NULL_CONVERSION = YES;
				CLANG_WARN_OBJC_IMPLICIT_RETAIN_SELF = YES;
				CLANG_WARN_OBJC_LITERAL_CONVERSION = YES;
				CLANG_WARN_OBJC_ROOT_CLASS = YES_ERROR;
				CLANG_WARN_QUOTED_INCLUDE_IN_FRAMEWORK_HEADER = YES;
				CLANG_WARN_RANGE_LOOP_ANALYSIS = YES;
				CLANG_WARN_STRICT_PROTOTYPES = YES;
				CLANG_WARN_SUSPICIOUS_MOVE = YES;
				CLANG_WARN_UNGUARDED_AVAILABILITY = YES_AGGRESSIVE;
				CLANG_WARN_UNREACHABLE_CODE = YES;
				CLANG_WARN__DUPLICATE_METHOD_MATCH = YES;
				COPY_PHASE_STRIP = NO;
				DEBUG_INFORMATION_FORMAT = "dwarf-with-dsym";
				ENABLE_NS_ASSERTIONS = NO;
				ENABLE_STRICT_OBJC_MSGSEND = YES;
				ENABLE_USER_SCRIPT_SANDBOXING = YES;
				GCC_C_LANGUAGE_STANDARD = gnu17;
				GCC_NO_COMMON_BLOCKS = YES;
				GCC_WARN_64_TO_32_BIT_CONVERSION = YES;
				GCC_WARN_ABOUT_RETURN_TYPE = YES_ERROR;
				GCC_WARN_UNDECLARED_SELECTOR = YES;
				GCC_WARN_UNINITIALIZED_AUTOS = YES_AGGRESSIVE;
				GCC_WARN_UNUSED_FUNCTION = YES;
				GCC_WARN_UNUSED_VARIABLE = YES;
				LOCALIZATION_PREFERS_STRING_CATALOGS = YES;
				MTL_ENABLE_DEBUG_INFO = NO;
				MTL_FAST_MATH = YES;
				SWIFT_COMPILATION_MODE = wholemodule;
			};
			name = Release;
		};
		08DD93202BBA54B7000E18BF /* Debug */ = {
			isa = XCBuildConfiguration;
			buildSettings = {
				ASSETCATALOG_COMPILER_APPICON_NAME = AppIcon;
				ASSETCATALOG_COMPILER_GLOBAL_ACCENT_COLOR_NAME = AccentColor;
				CODE_SIGN_ENTITLEMENTS = BasherBar/BasherBar.entitlements;
				CODE_SIGN_STYLE = Automatic;
				CURRENT_PROJECT_VERSION = 1;
				DEVELOPMENT_ASSET_PATHS = "\"BasherBar/Preview Content\"";
				DEVELOPMENT_TEAM = J8YJLAG3D5;
				ENABLE_HARDENED_RUNTIME = YES;
				ENABLE_PREVIEWS = YES;
				GENERATE_INFOPLIST_FILE = YES;
				"INFOPLIST_KEY_UIApplicationSceneManifest_Generation[sdk=iphoneos*]" = YES;
				"INFOPLIST_KEY_UIApplicationSceneManifest_Generation[sdk=iphonesimulator*]" = YES;
				"INFOPLIST_KEY_UIApplicationSupportsIndirectInputEvents[sdk=iphoneos*]" = YES;
				"INFOPLIST_KEY_UIApplicationSupportsIndirectInputEvents[sdk=iphonesimulator*]" = YES;
				"INFOPLIST_KEY_UILaunchScreen_Generation[sdk=iphoneos*]" = YES;
				"INFOPLIST_KEY_UILaunchScreen_Generation[sdk=iphonesimulator*]" = YES;
				"INFOPLIST_KEY_UIStatusBarStyle[sdk=iphoneos*]" = UIStatusBarStyleDefault;
				"INFOPLIST_KEY_UIStatusBarStyle[sdk=iphonesimulator*]" = UIStatusBarStyleDefault;
				INFOPLIST_KEY_UISupportedInterfaceOrientations_iPad = "UIInterfaceOrientationPortrait UIInterfaceOrientationPortraitUpsideDown UIInterfaceOrientationLandscapeLeft UIInterfaceOrientationLandscapeRight";
				INFOPLIST_KEY_UISupportedInterfaceOrientations_iPhone = "UIInterfaceOrientationPortrait UIInterfaceOrientationLandscapeLeft UIInterfaceOrientationLandscapeRight";
				IPHONEOS_DEPLOYMENT_TARGET = 17.4;
				LD_RUNPATH_SEARCH_PATHS = "@executable_path/Frameworks";
				"LD_RUNPATH_SEARCH_PATHS[sdk=macosx*]" = "@executable_path/../Frameworks";
				MACOSX_DEPLOYMENT_TARGET = 14.3;
				MARKETING_VERSION = 1.0;
				PRODUCT_BUNDLE_IDENTIFIER = net.waiata.BasherBar;
				PRODUCT_NAME = "$(TARGET_NAME)";
				SDKROOT = auto;
				SUPPORTED_PLATFORMS = "iphoneos iphonesimulator macosx";
				SWIFT_EMIT_LOC_STRINGS = YES;
				SWIFT_VERSION = 5.0;
				TARGETED_DEVICE_FAMILY = "1,2";
			};
			name = Debug;
		};
		08DD93212BBA54B7000E18BF /* Release */ = {
			isa = XCBuildConfiguration;
			buildSettings = {
				ASSETCATALOG_COMPILER_APPICON_NAME = AppIcon;
				ASSETCATALOG_COMPILER_GLOBAL_ACCENT_COLOR_NAME = AccentColor;
				CODE_SIGN_ENTITLEMENTS = BasherBar/BasherBar.entitlements;
				CODE_SIGN_STYLE = Automatic;
				CURRENT_PROJECT_VERSION = 1;
				DEVELOPMENT_ASSET_PATHS = "\"BasherBar/Preview Content\"";
				DEVELOPMENT_TEAM = J8YJLAG3D5;
				ENABLE_HARDENED_RUNTIME = YES;
				ENABLE_PREVIEWS = YES;
				GENERATE_INFOPLIST_FILE = YES;
				"INFOPLIST_KEY_UIApplicationSceneManifest_Generation[sdk=iphoneos*]" = YES;
				"INFOPLIST_KEY_UIApplicationSceneManifest_Generation[sdk=iphonesimulator*]" = YES;
				"INFOPLIST_KEY_UIApplicationSupportsIndirectInputEvents[sdk=iphoneos*]" = YES;
				"INFOPLIST_KEY_UIApplicationSupportsIndirectInputEvents[sdk=iphonesimulator*]" = YES;
				"INFOPLIST_KEY_UILaunchScreen_Generation[sdk=iphoneos*]" = YES;
				"INFOPLIST_KEY_UILaunchScreen_Generation[sdk=iphonesimulator*]" = YES;
				"INFOPLIST_KEY_UIStatusBarStyle[sdk=iphoneos*]" = UIStatusBarStyleDefault;
				"INFOPLIST_KEY_UIStatusBarStyle[sdk=iphonesimulator*]" = UIStatusBarStyleDefault;
				INFOPLIST_KEY_UISupportedInterfaceOrientations_iPad = "UIInterfaceOrientationPortrait UIInterfaceOrientationPortraitUpsideDown UIInterfaceOrientationLandscapeLeft UIInterfaceOrientationLandscapeRight";
				INFOPLIST_KEY_UISupportedInterfaceOrientations_iPhone = "UIInterfaceOrientationPortrait UIInterfaceOrientationLandscapeLeft UIInterfaceOrientationLandscapeRight";
				IPHONEOS_DEPLOYMENT_TARGET = 17.4;
				LD_RUNPATH_SEARCH_PATHS = "@executable_path/Frameworks";
				"LD_RUNPATH_SEARCH_PATHS[sdk=macosx*]" = "@executable_path/../Frameworks";
				MACOSX_DEPLOYMENT_TARGET = 14.3;
				MARKETING_VERSION = 1.0;
				PRODUCT_BUNDLE_IDENTIFIER = net.waiata.BasherBar;
				PRODUCT_NAME = "$(TARGET_NAME)";
				SDKROOT = auto;
				SUPPORTED_PLATFORMS = "iphoneos iphonesimulator macosx";
				SWIFT_EMIT_LOC_STRINGS = YES;
				SWIFT_VERSION = 5.0;
				TARGETED_DEVICE_FAMILY = "1,2";
			};
			name = Release;
		};
		08DD93232BBA54B7000E18BF /* Debug */ = {
			isa = XCBuildConfiguration;
			buildSettings = {
				ALWAYS_EMBED_SWIFT_STANDARD_LIBRARIES = YES;
				BUNDLE_LOADER = "$(TEST_HOST)";
				CODE_SIGN_STYLE = Automatic;
				CURRENT_PROJECT_VERSION = 1;
				DEVELOPMENT_TEAM = J8YJLAG3D5;
				GENERATE_INFOPLIST_FILE = YES;
				IPHONEOS_DEPLOYMENT_TARGET = 17.4;
				MACOSX_DEPLOYMENT_TARGET = 14.3;
				MARKETING_VERSION = 1.0;
				PRODUCT_BUNDLE_IDENTIFIER = net.waiata.BasherBarTests;
				PRODUCT_NAME = "$(TARGET_NAME)";
				SDKROOT = auto;
				SUPPORTED_PLATFORMS = "iphoneos iphonesimulator macosx";
				SWIFT_EMIT_LOC_STRINGS = NO;
				SWIFT_VERSION = 5.0;
				TARGETED_DEVICE_FAMILY = "1,2";
				TEST_HOST = "$(BUILT_PRODUCTS_DIR)/BasherBar.app/$(BUNDLE_EXECUTABLE_FOLDER_PATH)/BasherBar";
			};
			name = Debug;
		};
		08DD93242BBA54B7000E18BF /* Release */ = {
			isa = XCBuildConfiguration;
			buildSettings = {
				ALWAYS_EMBED_SWIFT_STANDARD_LIBRARIES = YES;
				BUNDLE_LOADER = "$(TEST_HOST)";
				CODE_SIGN_STYLE = Automatic;
				CURRENT_PROJECT_VERSION = 1;
				DEVELOPMENT_TEAM = J8YJLAG3D5;
				GENERATE_INFOPLIST_FILE = YES;
				IPHONEOS_DEPLOYMENT_TARGET = 17.4;
				MACOSX_DEPLOYMENT_TARGET = 14.3;
				MARKETING_VERSION = 1.0;
				PRODUCT_BUNDLE_IDENTIFIER = net.waiata.BasherBarTests;
				PRODUCT_NAME = "$(TARGET_NAME)";
				SDKROOT = auto;
				SUPPORTED_PLATFORMS = "iphoneos iphonesimulator macosx";
				SWIFT_EMIT_LOC_STRINGS = NO;
				SWIFT_VERSION = 5.0;
				TARGETED_DEVICE_FAMILY = "1,2";
				TEST_HOST = "$(BUILT_PRODUCTS_DIR)/BasherBar.app/$(BUNDLE_EXECUTABLE_FOLDER_PATH)/BasherBar";
			};
			name = Release;
		};
		08DD93262BBA54B7000E18BF /* Debug */ = {
			isa = XCBuildConfiguration;
			buildSettings = {
				ALWAYS_EMBED_SWIFT_STANDARD_LIBRARIES = YES;
				CODE_SIGN_STYLE = Automatic;
				CURRENT_PROJECT_VERSION = 1;
				DEVELOPMENT_TEAM = J8YJLAG3D5;
				GENERATE_INFOPLIST_FILE = YES;
				IPHONEOS_DEPLOYMENT_TARGET = 17.4;
				MACOSX_DEPLOYMENT_TARGET = 14.3;
				MARKETING_VERSION = 1.0;
				PRODUCT_BUNDLE_IDENTIFIER = net.waiata.BasherBarUITests;
				PRODUCT_NAME = "$(TARGET_NAME)";
				SDKROOT = auto;
				SUPPORTED_PLATFORMS = "iphoneos iphonesimulator macosx";
				SWIFT_EMIT_LOC_STRINGS = NO;
				SWIFT_VERSION = 5.0;
				TARGETED_DEVICE_FAMILY = "1,2";
				TEST_TARGET_NAME = BasherBar;
			};
			name = Debug;
		};
		08DD93272BBA54B7000E18BF /* Release */ = {
			isa = XCBuildConfiguration;
			buildSettings = {
				ALWAYS_EMBED_SWIFT_STANDARD_LIBRARIES = YES;
				CODE_SIGN_STYLE = Automatic;
				CURRENT_PROJECT_VERSION = 1;
				DEVELOPMENT_TEAM = J8YJLAG3D5;
				GENERATE_INFOPLIST_FILE = YES;
				IPHONEOS_DEPLOYMENT_TARGET = 17.4;
				MACOSX_DEPLOYMENT_TARGET = 14.3;
				MARKETING_VERSION = 1.0;
				PRODUCT_BUNDLE_IDENTIFIER = net.waiata.BasherBarUITests;
				PRODUCT_NAME = "$(TARGET_NAME)";
				SDKROOT = auto;
				SUPPORTED_PLATFORMS = "iphoneos iphonesimulator macosx";
				SWIFT_EMIT_LOC_STRINGS = NO;
				SWIFT_VERSION = 5.0;
				TARGETED_DEVICE_FAMILY = "1,2";
				TEST_TARGET_NAME = BasherBar;
			};
			name = Release;
		};
/* End XCBuildConfiguration section */

/* Begin XCConfigurationList section */
		08DD92F52BBA54B6000E18BF /* Build configuration list for PBXProject "BasherBar" */ = {
			isa = XCConfigurationList;
			buildConfigurations = (
				08DD931D2BBA54B7000E18BF /* Debug */,
				08DD931E2BBA54B7000E18BF /* Release */,
			);
			defaultConfigurationIsVisible = 0;
			defaultConfigurationName = Release;
		};
		08DD931F2BBA54B7000E18BF /* Build configuration list for PBXNativeTarget "BasherBar" */ = {
			isa = XCConfigurationList;
			buildConfigurations = (
				08DD93202BBA54B7000E18BF /* Debug */,
				08DD93212BBA54B7000E18BF /* Release */,
			);
			defaultConfigurationIsVisible = 0;
			defaultConfigurationName = Release;
		};
		08DD93222BBA54B7000E18BF /* Build configuration list for PBXNativeTarget "BasherBarTests" */ = {
			isa = XCConfigurationList;
			buildConfigurations = (
				08DD93232BBA54B7000E18BF /* Debug */,
				08DD93242BBA54B7000E18BF /* Release */,
			);
			defaultConfigurationIsVisible = 0;
			defaultConfigurationName = Release;
		};
		08DD93252BBA54B7000E18BF /* Build configuration list for PBXNativeTarget "BasherBarUITests" */ = {
			isa = XCConfigurationList;
			buildConfigurations = (
				08DD93262BBA54B7000E18BF /* Debug */,
				08DD93272BBA54B7000E18BF /* Release */,
			);
			defaultConfigurationIsVisible = 0;
			defaultConfigurationName = Release;
		};
/* End XCConfigurationList section */

/* Begin XCRemoteSwiftPackageReference section */
		08DD93312BBA571F000E18BF /* XCRemoteSwiftPackageReference "Fuzi" */ = {
			isa = XCRemoteSwiftPackageReference;
			repositoryURL = "https://github.com/cezheng/Fuzi";
			requirement = {
				kind = upToNextMajorVersion;
				minimumVersion = 3.1.3;
			};
		};
/* End XCRemoteSwiftPackageReference section */

/* Begin XCSwiftPackageProductDependency section */
		08DD93322BBA571F000E18BF /* Fuzi */ = {
			isa = XCSwiftPackageProductDependency;
			package = 08DD93312BBA571F000E18BF /* XCRemoteSwiftPackageReference "Fuzi" */;
			productName = Fuzi;
		};
/* End XCSwiftPackageProductDependency section */
	};
	rootObject = 08DD92F22BBA54B6000E18BF /* Project object */;
}
